// !$*UTF8*$!
{
	archiveVersion = 1;
	classes = {
	};
	objectVersion = 55;
	objects = {

/* Begin PBXBuildFile section */
		C507118A26C784D90052CD86 /* AppDelegate.swift in Sources */ = {isa = PBXBuildFile; fileRef = C507118926C784D90052CD86 /* AppDelegate.swift */; };
		C507118C26C784D90052CD86 /* SceneDelegate.swift in Sources */ = {isa = PBXBuildFile; fileRef = C507118B26C784D90052CD86 /* SceneDelegate.swift */; };
		C507118E26C784D90052CD86 /* ViewController.swift in Sources */ = {isa = PBXBuildFile; fileRef = C507118D26C784D90052CD86 /* ViewController.swift */; };
		C507119126C784D90052CD86 /* Main.storyboard in Resources */ = {isa = PBXBuildFile; fileRef = C507118F26C784D90052CD86 /* Main.storyboard */; };
		C507119426C784D90052CD86 /* ChatBoard.xcdatamodeld in Sources */ = {isa = PBXBuildFile; fileRef = C507119226C784D90052CD86 /* ChatBoard.xcdatamodeld */; };
		C507119626C784DA0052CD86 /* Assets.xcassets in Resources */ = {isa = PBXBuildFile; fileRef = C507119526C784DA0052CD86 /* Assets.xcassets */; };
		C507119926C784DA0052CD86 /* LaunchScreen.storyboard in Resources */ = {isa = PBXBuildFile; fileRef = C507119726C784DA0052CD86 /* LaunchScreen.storyboard */; };
		C50711A426C784DA0052CD86 /* ChatBoardTests.swift in Sources */ = {isa = PBXBuildFile; fileRef = C50711A326C784DA0052CD86 /* ChatBoardTests.swift */; };
		C50711AE26C784DA0052CD86 /* ChatBoardUITests.swift in Sources */ = {isa = PBXBuildFile; fileRef = C50711AD26C784DA0052CD86 /* ChatBoardUITests.swift */; };
/* End PBXBuildFile section */

/* Begin PBXContainerItemProxy section */
		C50711A026C784DA0052CD86 /* PBXContainerItemProxy */ = {
			isa = PBXContainerItemProxy;
			containerPortal = C507117E26C784D90052CD86 /* Project object */;
			proxyType = 1;
			remoteGlobalIDString = C507118526C784D90052CD86;
			remoteInfo = ChatBoard;
		};
		C50711AA26C784DA0052CD86 /* PBXContainerItemProxy */ = {
			isa = PBXContainerItemProxy;
			containerPortal = C507117E26C784D90052CD86 /* Project object */;
			proxyType = 1;
			remoteGlobalIDString = C507118526C784D90052CD86;
			remoteInfo = ChatBoard;
		};
/* End PBXContainerItemProxy section */

/* Begin PBXFileReference section */
		C507118626C784D90052CD86 /* ChatBoard.app */ = {isa = PBXFileReference; explicitFileType = wrapper.application; includeInIndex = 0; path = ChatBoard.app; sourceTree = BUILT_PRODUCTS_DIR; };
		C507118926C784D90052CD86 /* AppDelegate.swift */ = {isa = PBXFileReference; lastKnownFileType = sourcecode.swift; path = AppDelegate.swift; sourceTree = "<group>"; };
		C507118B26C784D90052CD86 /* SceneDelegate.swift */ = {isa = PBXFileReference; lastKnownFileType = sourcecode.swift; path = SceneDelegate.swift; sourceTree = "<group>"; };
		C507118D26C784D90052CD86 /* ViewController.swift */ = {isa = PBXFileReference; lastKnownFileType = sourcecode.swift; path = ViewController.swift; sourceTree = "<group>"; };
		C507119026C784D90052CD86 /* Base */ = {isa = PBXFileReference; lastKnownFileType = file.storyboard; name = Base; path = Base.lproj/Main.storyboard; sourceTree = "<group>"; };
		C507119326C784D90052CD86 /* ChatBoard.xcdatamodel */ = {isa = PBXFileReference; lastKnownFileType = wrapper.xcdatamodel; path = ChatBoard.xcdatamodel; sourceTree = "<group>"; };
		C507119526C784DA0052CD86 /* Assets.xcassets */ = {isa = PBXFileReference; lastKnownFileType = folder.assetcatalog; path = Assets.xcassets; sourceTree = "<group>"; };
		C507119826C784DA0052CD86 /* Base */ = {isa = PBXFileReference; lastKnownFileType = file.storyboard; name = Base; path = Base.lproj/LaunchScreen.storyboard; sourceTree = "<group>"; };
		C507119A26C784DA0052CD86 /* Info.plist */ = {isa = PBXFileReference; lastKnownFileType = text.plist.xml; path = Info.plist; sourceTree = "<group>"; };
		C507119F26C784DA0052CD86 /* ChatBoardTests.xctest */ = {isa = PBXFileReference; explicitFileType = wrapper.cfbundle; includeInIndex = 0; path = ChatBoardTests.xctest; sourceTree = BUILT_PRODUCTS_DIR; };
		C50711A326C784DA0052CD86 /* ChatBoardTests.swift */ = {isa = PBXFileReference; lastKnownFileType = sourcecode.swift; path = ChatBoardTests.swift; sourceTree = "<group>"; };
		C50711A926C784DA0052CD86 /* ChatBoardUITests.xctest */ = {isa = PBXFileReference; explicitFileType = wrapper.cfbundle; includeInIndex = 0; path = ChatBoardUITests.xctest; sourceTree = BUILT_PRODUCTS_DIR; };
		C50711AD26C784DA0052CD86 /* ChatBoardUITests.swift */ = {isa = PBXFileReference; lastKnownFileType = sourcecode.swift; path = ChatBoardUITests.swift; sourceTree = "<group>"; };
/* End PBXFileReference section */

/* Begin PBXFrameworksBuildPhase section */
		C507118326C784D90052CD86 /* Frameworks */ = {
			isa = PBXFrameworksBuildPhase;
			buildActionMask = 2147483647;
			files = (
			);
			runOnlyForDeploymentPostprocessing = 0;
		};
		C507119C26C784DA0052CD86 /* Frameworks */ = {
			isa = PBXFrameworksBuildPhase;
			buildActionMask = 2147483647;
			files = (
			);
			runOnlyForDeploymentPostprocessing = 0;
		};
		C50711A626C784DA0052CD86 /* Frameworks */ = {
			isa = PBXFrameworksBuildPhase;
			buildActionMask = 2147483647;
			files = (
			);
			runOnlyForDeploymentPostprocessing = 0;
		};
/* End PBXFrameworksBuildPhase section */

/* Begin PBXGroup section */
		C507117D26C784D90052CD86 = {
			isa = PBXGroup;
			children = (
				C507118826C784D90052CD86 /* ChatBoard */,
				C50711A226C784DA0052CD86 /* ChatBoardTests */,
				C50711AC26C784DA0052CD86 /* ChatBoardUITests */,
				C507118726C784D90052CD86 /* Products */,
			);
			sourceTree = "<group>";
		};
		C507118726C784D90052CD86 /* Products */ = {
			isa = PBXGroup;
			children = (
				C507118626C784D90052CD86 /* ChatBoard.app */,
				C507119F26C784DA0052CD86 /* ChatBoardTests.xctest */,
				C50711A926C784DA0052CD86 /* ChatBoardUITests.xctest */,
			);
			name = Products;
			sourceTree = "<group>";
		};
		C507118826C784D90052CD86 /* ChatBoard */ = {
			isa = PBXGroup;
			children = (
				C507118926C784D90052CD86 /* AppDelegate.swift */,
				C507118B26C784D90052CD86 /* SceneDelegate.swift */,
				C507118D26C784D90052CD86 /* ViewController.swift */,
				C507118F26C784D90052CD86 /* Main.storyboard */,
				C507119526C784DA0052CD86 /* Assets.xcassets */,
				C507119726C784DA0052CD86 /* LaunchScreen.storyboard */,
				C507119A26C784DA0052CD86 /* Info.plist */,
				C507119226C784D90052CD86 /* ChatBoard.xcdatamodeld */,
			);
			path = ChatBoard;
			sourceTree = "<group>";
		};
		C50711A226C784DA0052CD86 /* ChatBoardTests */ = {
			isa = PBXGroup;
			children = (
				C50711A326C784DA0052CD86 /* ChatBoardTests.swift */,
			);
			path = ChatBoardTests;
			sourceTree = "<group>";
		};
		C50711AC26C784DA0052CD86 /* ChatBoardUITests */ = {
			isa = PBXGroup;
			children = (
				C50711AD26C784DA0052CD86 /* ChatBoardUITests.swift */,
			);
			path = ChatBoardUITests;
			sourceTree = "<group>";
		};
/* End PBXGroup section */

/* Begin PBXNativeTarget section */
		C507118526C784D90052CD86 /* ChatBoard */ = {
			isa = PBXNativeTarget;
			buildConfigurationList = C50711B126C784DA0052CD86 /* Build configuration list for PBXNativeTarget "ChatBoard" */;
			buildPhases = (
				C507118226C784D90052CD86 /* Sources */,
				C507118326C784D90052CD86 /* Frameworks */,
				C507118426C784D90052CD86 /* Resources */,
			);
			buildRules = (
			);
			dependencies = (
			);
			name = ChatBoard;
			productName = ChatBoard;
			productReference = C507118626C784D90052CD86 /* ChatBoard.app */;
			productType = "com.apple.product-type.application";
		};
		C507119E26C784DA0052CD86 /* ChatBoardTests */ = {
			isa = PBXNativeTarget;
			buildConfigurationList = C50711B426C784DA0052CD86 /* Build configuration list for PBXNativeTarget "ChatBoardTests" */;
			buildPhases = (
				C507119B26C784DA0052CD86 /* Sources */,
				C507119C26C784DA0052CD86 /* Frameworks */,
				C507119D26C784DA0052CD86 /* Resources */,
			);
			buildRules = (
			);
			dependencies = (
				C50711A126C784DA0052CD86 /* PBXTargetDependency */,
			);
			name = ChatBoardTests;
			productName = ChatBoardTests;
			productReference = C507119F26C784DA0052CD86 /* ChatBoardTests.xctest */;
			productType = "com.apple.product-type.bundle.unit-test";
		};
		C50711A826C784DA0052CD86 /* ChatBoardUITests */ = {
			isa = PBXNativeTarget;
			buildConfigurationList = C50711B726C784DA0052CD86 /* Build configuration list for PBXNativeTarget "ChatBoardUITests" */;
			buildPhases = (
				C50711A526C784DA0052CD86 /* Sources */,
				C50711A626C784DA0052CD86 /* Frameworks */,
				C50711A726C784DA0052CD86 /* Resources */,
			);
			buildRules = (
			);
			dependencies = (
				C50711AB26C784DA0052CD86 /* PBXTargetDependency */,
			);
			name = ChatBoardUITests;
			productName = ChatBoardUITests;
			productReference = C50711A926C784DA0052CD86 /* ChatBoardUITests.xctest */;
			productType = "com.apple.product-type.bundle.ui-testing";
		};
/* End PBXNativeTarget section */

/* Begin PBXProject section */
		C507117E26C784D90052CD86 /* Project object */ = {
			isa = PBXProject;
			attributes = {
				BuildIndependentTargetsInParallel = 1;
				LastSwiftUpdateCheck = 1300;
				LastUpgradeCheck = 1300;
				TargetAttributes = {
					C507118526C784D90052CD86 = {
						CreatedOnToolsVersion = 13.0;
					};
					C507119E26C784DA0052CD86 = {
						CreatedOnToolsVersion = 13.0;
						TestTargetID = C507118526C784D90052CD86;
					};
					C50711A826C784DA0052CD86 = {
						CreatedOnToolsVersion = 13.0;
						TestTargetID = C507118526C784D90052CD86;
					};
				};
			};
			buildConfigurationList = C507118126C784D90052CD86 /* Build configuration list for PBXProject "ChatBoard" */;
			compatibilityVersion = "Xcode 13.0";
			developmentRegion = en;
			hasScannedForEncodings = 0;
			knownRegions = (
				en,
				Base,
			);
			mainGroup = C507117D26C784D90052CD86;
			productRefGroup = C507118726C784D90052CD86 /* Products */;
			projectDirPath = "";
			projectRoot = "";
			targets = (
				C507118526C784D90052CD86 /* ChatBoard */,
				C507119E26C784DA0052CD86 /* ChatBoardTests */,
				C50711A826C784DA0052CD86 /* ChatBoardUITests */,
			);
		};
/* End PBXProject section */

/* Begin PBXResourcesBuildPhase section */
		C507118426C784D90052CD86 /* Resources */ = {
			isa = PBXResourcesBuildPhase;
			buildActionMask = 2147483647;
			files = (
				C507119926C784DA0052CD86 /* LaunchScreen.storyboard in Resources */,
				C507119626C784DA0052CD86 /* Assets.xcassets in Resources */,
				C507119126C784D90052CD86 /* Main.storyboard in Resources */,
			);
			runOnlyForDeploymentPostprocessing = 0;
		};
		C507119D26C784DA0052CD86 /* Resources */ = {
			isa = PBXResourcesBuildPhase;
			buildActionMask = 2147483647;
			files = (
			);
			runOnlyForDeploymentPostprocessing = 0;
		};
		C50711A726C784DA0052CD86 /* Resources */ = {
			isa = PBXResourcesBuildPhase;
			buildActionMask = 2147483647;
			files = (
			);
			runOnlyForDeploymentPostprocessing = 0;
		};
/* End PBXResourcesBuildPhase section */

/* Begin PBXSourcesBuildPhase section */
		C507118226C784D90052CD86 /* Sources */ = {
			isa = PBXSourcesBuildPhase;
			buildActionMask = 2147483647;
			files = (
				C507118E26C784D90052CD86 /* ViewController.swift in Sources */,
				C507118A26C784D90052CD86 /* AppDelegate.swift in Sources */,
				C507119426C784D90052CD86 /* ChatBoard.xcdatamodeld in Sources */,
				C507118C26C784D90052CD86 /* SceneDelegate.swift in Sources */,
			);
			runOnlyForDeploymentPostprocessing = 0;
		};
		C507119B26C784DA0052CD86 /* Sources */ = {
			isa = PBXSourcesBuildPhase;
			buildActionMask = 2147483647;
			files = (
				C50711A426C784DA0052CD86 /* ChatBoardTests.swift in Sources */,
			);
			runOnlyForDeploymentPostprocessing = 0;
		};
		C50711A526C784DA0052CD86 /* Sources */ = {
			isa = PBXSourcesBuildPhase;
			buildActionMask = 2147483647;
			files = (
				C50711AE26C784DA0052CD86 /* ChatBoardUITests.swift in Sources */,
			);
			runOnlyForDeploymentPostprocessing = 0;
		};
/* End PBXSourcesBuildPhase section */

/* Begin PBXTargetDependency section */
		C50711A126C784DA0052CD86 /* PBXTargetDependency */ = {
			isa = PBXTargetDependency;
			target = C507118526C784D90052CD86 /* ChatBoard */;
			targetProxy = C50711A026C784DA0052CD86 /* PBXContainerItemProxy */;
		};
		C50711AB26C784DA0052CD86 /* PBXTargetDependency */ = {
			isa = PBXTargetDependency;
			target = C507118526C784D90052CD86 /* ChatBoard */;
			targetProxy = C50711AA26C784DA0052CD86 /* PBXContainerItemProxy */;
		};
/* End PBXTargetDependency section */

/* Begin PBXVariantGroup section */
		C507118F26C784D90052CD86 /* Main.storyboard */ = {
			isa = PBXVariantGroup;
			children = (
				C507119026C784D90052CD86 /* Base */,
			);
			name = Main.storyboard;
			sourceTree = "<group>";
		};
		C507119726C784DA0052CD86 /* LaunchScreen.storyboard */ = {
			isa = PBXVariantGroup;
			children = (
				C507119826C784DA0052CD86 /* Base */,
			);
			name = LaunchScreen.storyboard;
			sourceTree = "<group>";
		};
/* End PBXVariantGroup section */

/* Begin XCBuildConfiguration section */
		C50711AF26C784DA0052CD86 /* Debug */ = {
			isa = XCBuildConfiguration;
			buildSettings = {
				ALWAYS_SEARCH_USER_PATHS = NO;
				CLANG_ANALYZER_NONNULL = YES;
				CLANG_ANALYZER_NUMBER_OBJECT_CONVERSION = YES_AGGRESSIVE;
				CLANG_CXX_LANGUAGE_STANDARD = "gnu++17";
				CLANG_CXX_LIBRARY = "libc++";
				CLANG_ENABLE_MODULES = YES;
				CLANG_ENABLE_OBJC_ARC = YES;
				CLANG_ENABLE_OBJC_WEAK = YES;
				CLANG_WARN_BLOCK_CAPTURE_AUTORELEASING = YES;
				CLANG_WARN_BOOL_CONVERSION = YES;
				CLANG_WARN_COMMA = YES;
				CLANG_WARN_CONSTANT_CONVERSION = YES;
				CLANG_WARN_DEPRECATED_OBJC_IMPLEMENTATIONS = YES;
				CLANG_WARN_DIRECT_OBJC_ISA_USAGE = YES_ERROR;
				CLANG_WARN_DOCUMENTATION_COMMENTS = YES;
				CLANG_WARN_EMPTY_BODY = YES;
				CLANG_WARN_ENUM_CONVERSION = YES;
				CLANG_WARN_INFINITE_RECURSION = YES;
				CLANG_WARN_INT_CONVERSION = YES;
				CLANG_WARN_NON_LITERAL_NULL_CONVERSION = YES;
				CLANG_WARN_OBJC_IMPLICIT_RETAIN_SELF = YES;
				CLANG_WARN_OBJC_LITERAL_CONVERSION = YES;
				CLANG_WARN_OBJC_ROOT_CLASS = YES_ERROR;
				CLANG_WARN_QUOTED_INCLUDE_IN_FRAMEWORK_HEADER = YES;
				CLANG_WARN_RANGE_LOOP_ANALYSIS = YES;
				CLANG_WARN_STRICT_PROTOTYPES = YES;
				CLANG_WARN_SUSPICIOUS_MOVE = YES;
				CLANG_WARN_UNGUARDED_AVAILABILITY = YES_AGGRESSIVE;
				CLANG_WARN_UNREACHABLE_CODE = YES;
				CLANG_WARN__DUPLICATE_METHOD_MATCH = YES;
				COPY_PHASE_STRIP = NO;
				DEBUG_INFORMATION_FORMAT = dwarf;
				ENABLE_STRICT_OBJC_MSGSEND = YES;
				ENABLE_TESTABILITY = YES;
				GCC_C_LANGUAGE_STANDARD = gnu11;
				GCC_DYNAMIC_NO_PIC = NO;
				GCC_NO_COMMON_BLOCKS = YES;
				GCC_OPTIMIZATION_LEVEL = 0;
				GCC_PREPROCESSOR_DEFINITIONS = (
					"DEBUG=1",
					"$(inherited)",
				);
				GCC_WARN_64_TO_32_BIT_CONVERSION = YES;
				GCC_WARN_ABOUT_RETURN_TYPE = YES_ERROR;
				GCC_WARN_UNDECLARED_SELECTOR = YES;
				GCC_WARN_UNINITIALIZED_AUTOS = YES_AGGRESSIVE;
				GCC_WARN_UNUSED_FUNCTION = YES;
				GCC_WARN_UNUSED_VARIABLE = YES;
				IPHONEOS_DEPLOYMENT_TARGET = 15.0;
				MTL_ENABLE_DEBUG_INFO = INCLUDE_SOURCE;
				MTL_FAST_MATH = YES;
				ONLY_ACTIVE_ARCH = YES;
				SDKROOT = iphoneos;
				SWIFT_ACTIVE_COMPILATION_CONDITIONS = DEBUG;
				SWIFT_OPTIMIZATION_LEVEL = "-Onone";
			};
			name = Debug;
		};
		C50711B026C784DA0052CD86 /* Release */ = {
			isa = XCBuildConfiguration;
			buildSettings = {
				ALWAYS_SEARCH_USER_PATHS = NO;
				CLANG_ANALYZER_NONNULL = YES;
				CLANG_ANALYZER_NUMBER_OBJECT_CONVERSION = YES_AGGRESSIVE;
				CLANG_CXX_LANGUAGE_STANDARD = "gnu++17";
				CLANG_CXX_LIBRARY = "libc++";
				CLANG_ENABLE_MODULES = YES;
				CLANG_ENABLE_OBJC_ARC = YES;
				CLANG_ENABLE_OBJC_WEAK = YES;
				CLANG_WARN_BLOCK_CAPTURE_AUTORELEASING = YES;
				CLANG_WARN_BOOL_CONVERSION = YES;
				CLANG_WARN_COMMA = YES;
				CLANG_WARN_CONSTANT_CONVERSION = YES;
				CLANG_WARN_DEPRECATED_OBJC_IMPLEMENTATIONS = YES;
				CLANG_WARN_DIRECT_OBJC_ISA_USAGE = YES_ERROR;
				CLANG_WARN_DOCUMENTATION_COMMENTS = YES;
				CLANG_WARN_EMPTY_BODY = YES;
				CLANG_WARN_ENUM_CONVERSION = YES;
				CLANG_WARN_INFINITE_RECURSION = YES;
				CLANG_WARN_INT_CONVERSION = YES;
				CLANG_WARN_NON_LITERAL_NULL_CONVERSION = YES;
				CLANG_WARN_OBJC_IMPLICIT_RETAIN_SELF = YES;
				CLANG_WARN_OBJC_LITERAL_CONVERSION = YES;
				CLANG_WARN_OBJC_ROOT_CLASS = YES_ERROR;
				CLANG_WARN_QUOTED_INCLUDE_IN_FRAMEWORK_HEADER = YES;
				CLANG_WARN_RANGE_LOOP_ANALYSIS = YES;
				CLANG_WARN_STRICT_PROTOTYPES = YES;
				CLANG_WARN_SUSPICIOUS_MOVE = YES;
				CLANG_WARN_UNGUARDED_AVAILABILITY = YES_AGGRESSIVE;
				CLANG_WARN_UNREACHABLE_CODE = YES;
				CLANG_WARN__DUPLICATE_METHOD_MATCH = YES;
				COPY_PHASE_STRIP = NO;
				DEBUG_INFORMATION_FORMAT = "dwarf-with-dsym";
				ENABLE_NS_ASSERTIONS = NO;
				ENABLE_STRICT_OBJC_MSGSEND = YES;
				GCC_C_LANGUAGE_STANDARD = gnu11;
				GCC_NO_COMMON_BLOCKS = YES;
				GCC_WARN_64_TO_32_BIT_CONVERSION = YES;
				GCC_WARN_ABOUT_RETURN_TYPE = YES_ERROR;
				GCC_WARN_UNDECLARED_SELECTOR = YES;
				GCC_WARN_UNINITIALIZED_AUTOS = YES_AGGRESSIVE;
				GCC_WARN_UNUSED_FUNCTION = YES;
				GCC_WARN_UNUSED_VARIABLE = YES;
				IPHONEOS_DEPLOYMENT_TARGET = 15.0;
				MTL_ENABLE_DEBUG_INFO = NO;
				MTL_FAST_MATH = YES;
				SDKROOT = iphoneos;
				SWIFT_COMPILATION_MODE = wholemodule;
				SWIFT_OPTIMIZATION_LEVEL = "-O";
				VALIDATE_PRODUCT = YES;
			};
			name = Release;
		};
		C50711B226C784DA0052CD86 /* Debug */ = {
			isa = XCBuildConfiguration;
			buildSettings = {
				ASSETCATALOG_COMPILER_APPICON_NAME = AppIcon;
				ASSETCATALOG_COMPILER_GLOBAL_ACCENT_COLOR_NAME = AccentColor;
				CODE_SIGN_STYLE = Automatic;
				CURRENT_PROJECT_VERSION = 1;
				DEVELOPMENT_TEAM = LL567L987T;
				GENERATE_INFOPLIST_FILE = YES;
				INFOPLIST_FILE = ChatBoard/Info.plist;
				INFOPLIST_KEY_UIApplicationSupportsIndirectInputEvents = YES;
				INFOPLIST_KEY_UILaunchStoryboardName = LaunchScreen;
				INFOPLIST_KEY_UIMainStoryboardFile = Main;
				INFOPLIST_KEY_UISupportedInterfaceOrientations_iPad = "UIInterfaceOrientationPortrait UIInterfaceOrientationPortraitUpsideDown UIInterfaceOrientationLandscapeLeft UIInterfaceOrientationLandscapeRight";
				INFOPLIST_KEY_UISupportedInterfaceOrientations_iPhone = "UIInterfaceOrientationPortrait UIInterfaceOrientationLandscapeLeft UIInterfaceOrientationLandscapeRight";
				LD_RUNPATH_SEARCH_PATHS = (
					"$(inherited)",
					"@executable_path/Frameworks",
				);
				MARKETING_VERSION = 1.0;
				PRODUCT_BUNDLE_IDENTIFIER = minmon.ChatBoard;
				PRODUCT_NAME = "$(TARGET_NAME)";
				SWIFT_EMIT_LOC_STRINGS = YES;
				SWIFT_VERSION = 5.0;
				TARGETED_DEVICE_FAMILY = "1,2";
			};
			name = Debug;
		};
		C50711B326C784DA0052CD86 /* Release */ = {
			isa = XCBuildConfiguration;
			buildSettings = {
				ASSETCATALOG_COMPILER_APPICON_NAME = AppIcon;
				ASSETCATALOG_COMPILER_GLOBAL_ACCENT_COLOR_NAME = AccentColor;
				CODE_SIGN_STYLE = Automatic;
				CURRENT_PROJECT_VERSION = 1;
				DEVELOPMENT_TEAM = LL567L987T;
				GENERATE_INFOPLIST_FILE = YES;
				INFOPLIST_FILE = ChatBoard/Info.plist;
				INFOPLIST_KEY_UIApplicationSupportsIndirectInputEvents = YES;
				INFOPLIST_KEY_UILaunchStoryboardName = LaunchScreen;
				INFOPLIST_KEY_UIMainStoryboardFile = Main;
				INFOPLIST_KEY_UISupportedInterfaceOrientations_iPad = "UIInterfaceOrientationPortrait UIInterfaceOrientationPortraitUpsideDown UIInterfaceOrientationLandscapeLeft UIInterfaceOrientationLandscapeRight";
				INFOPLIST_KEY_UISupportedInterfaceOrientations_iPhone = "UIInterfaceOrientationPortrait UIInterfaceOrientationLandscapeLeft UIInterfaceOrientationLandscapeRight";
				LD_RUNPATH_SEARCH_PATHS = (
					"$(inherited)",
					"@executable_path/Frameworks",
				);
				MARKETING_VERSION = 1.0;
				PRODUCT_BUNDLE_IDENTIFIER = minmon.ChatBoard;
				PRODUCT_NAME = "$(TARGET_NAME)";
				SWIFT_EMIT_LOC_STRINGS = YES;
				SWIFT_VERSION = 5.0;
				TARGETED_DEVICE_FAMILY = "1,2";
			};
			name = Release;
		};
		C50711B526C784DA0052CD86 /* Debug */ = {
			isa = XCBuildConfiguration;
			buildSettings = {
				ALWAYS_EMBED_SWIFT_STANDARD_LIBRARIES = YES;
				BUNDLE_LOADER = "$(TEST_HOST)";
				CODE_SIGN_STYLE = Automatic;
				CURRENT_PROJECT_VERSION = 1;
				DEVELOPMENT_TEAM = LL567L987T;
				GENERATE_INFOPLIST_FILE = YES;
				IPHONEOS_DEPLOYMENT_TARGET = 15.0;
				LD_RUNPATH_SEARCH_PATHS = (
					"$(inherited)",
					"@executable_path/Frameworks",
					"@loader_path/Frameworks",
				);
				MARKETING_VERSION = 1.0;
				PRODUCT_BUNDLE_IDENTIFIER = minmon.ChatBoardTests;
				PRODUCT_NAME = "$(TARGET_NAME)";
				SWIFT_EMIT_LOC_STRINGS = NO;
				SWIFT_VERSION = 5.0;
				TARGETED_DEVICE_FAMILY = "1,2";
				TEST_HOST = "$(BUILT_PRODUCTS_DIR)/ChatBoard.app/ChatBoard";
			};
			name = Debug;
		};
		C50711B626C784DA0052CD86 /* Release */ = {
			isa = XCBuildConfiguration;
			buildSettings = {
				ALWAYS_EMBED_SWIFT_STANDARD_LIBRARIES = YES;
				BUNDLE_LOADER = "$(TEST_HOST)";
				CODE_SIGN_STYLE = Automatic;
				CURRENT_PROJECT_VERSION = 1;
				DEVELOPMENT_TEAM = LL567L987T;
				GENERATE_INFOPLIST_FILE = YES;
				IPHONEOS_DEPLOYMENT_TARGET = 15.0;
				LD_RUNPATH_SEARCH_PATHS = (
					"$(inherited)",
					"@executable_path/Frameworks",
					"@loader_path/Frameworks",
				);
				MARKETING_VERSION = 1.0;
				PRODUCT_BUNDLE_IDENTIFIER = minmon.ChatBoardTests;
				PRODUCT_NAME = "$(TARGET_NAME)";
				SWIFT_EMIT_LOC_STRINGS = NO;
				SWIFT_VERSION = 5.0;
				TARGETED_DEVICE_FAMILY = "1,2";
				TEST_HOST = "$(BUILT_PRODUCTS_DIR)/ChatBoard.app/ChatBoard";
			};
			name = Release;
		};
		C50711B826C784DA0052CD86 /* Debug */ = {
			isa = XCBuildConfiguration;
			buildSettings = {
				ALWAYS_EMBED_SWIFT_STANDARD_LIBRARIES = YES;
				CODE_SIGN_STYLE = Automatic;
				CURRENT_PROJECT_VERSION = 1;
				DEVELOPMENT_TEAM = LL567L987T;
				GENERATE_INFOPLIST_FILE = YES;
				LD_RUNPATH_SEARCH_PATHS = (
					"$(inherited)",
					"@executable_path/Frameworks",
					"@loader_path/Frameworks",
				);
				MARKETING_VERSION = 1.0;
				PRODUCT_BUNDLE_IDENTIFIER = minmon.ChatBoardUITests;
				PRODUCT_NAME = "$(TARGET_NAME)";
				SWIFT_EMIT_LOC_STRINGS = NO;
				SWIFT_VERSION = 5.0;
				TARGETED_DEVICE_FAMILY = "1,2";
				TEST_TARGET_NAME = ChatBoard;
			};
			name = Debug;
		};
		C50711B926C784DA0052CD86 /* Release */ = {
			isa = XCBuildConfiguration;
			buildSettings = {
				ALWAYS_EMBED_SWIFT_STANDARD_LIBRARIES = YES;
				CODE_SIGN_STYLE = Automatic;
				CURRENT_PROJECT_VERSION = 1;
				DEVELOPMENT_TEAM = LL567L987T;
				GENERATE_INFOPLIST_FILE = YES;
				LD_RUNPATH_SEARCH_PATHS = (
					"$(inherited)",
					"@executable_path/Frameworks",
					"@loader_path/Frameworks",
				);
				MARKETING_VERSION = 1.0;
				PRODUCT_BUNDLE_IDENTIFIER = minmon.ChatBoardUITests;
				PRODUCT_NAME = "$(TARGET_NAME)";
				SWIFT_EMIT_LOC_STRINGS = NO;
				SWIFT_VERSION = 5.0;
				TARGETED_DEVICE_FAMILY = "1,2";
				TEST_TARGET_NAME = ChatBoard;
			};
			name = Release;
		};
/* End XCBuildConfiguration section */

/* Begin XCConfigurationList section */
		C507118126C784D90052CD86 /* Build configuration list for PBXProject "ChatBoard" */ = {
			isa = XCConfigurationList;
			buildConfigurations = (
				C50711AF26C784DA0052CD86 /* Debug */,
				C50711B026C784DA0052CD86 /* Release */,
			);
			defaultConfigurationIsVisible = 0;
			defaultConfigurationName = Release;
		};
		C50711B126C784DA0052CD86 /* Build configuration list for PBXNativeTarget "ChatBoard" */ = {
			isa = XCConfigurationList;
			buildConfigurations = (
				C50711B226C784DA0052CD86 /* Debug */,
				C50711B326C784DA0052CD86 /* Release */,
			);
			defaultConfigurationIsVisible = 0;
			defaultConfigurationName = Release;
		};
		C50711B426C784DA0052CD86 /* Build configuration list for PBXNativeTarget "ChatBoardTests" */ = {
			isa = XCConfigurationList;
			buildConfigurations = (
				C50711B526C784DA0052CD86 /* Debug */,
				C50711B626C784DA0052CD86 /* Release */,
			);
			defaultConfigurationIsVisible = 0;
			defaultConfigurationName = Release;
		};
		C50711B726C784DA0052CD86 /* Build configuration list for PBXNativeTarget "ChatBoardUITests" */ = {
			isa = XCConfigurationList;
			buildConfigurations = (
				C50711B826C784DA0052CD86 /* Debug */,
				C50711B926C784DA0052CD86 /* Release */,
			);
			defaultConfigurationIsVisible = 0;
			defaultConfigurationName = Release;
		};
/* End XCConfigurationList section */

/* Begin XCVersionGroup section */
		C507119226C784D90052CD86 /* ChatBoard.xcdatamodeld */ = {
			isa = XCVersionGroup;
			children = (
				C507119326C784D90052CD86 /* ChatBoard.xcdatamodel */,
			);
			currentVersion = C507119326C784D90052CD86 /* ChatBoard.xcdatamodel */;
			path = ChatBoard.xcdatamodeld;
			sourceTree = "<group>";
			versionGroupType = wrapper.xcdatamodel;
		};
/* End XCVersionGroup section */
	};
	rootObject = C507117E26C784D90052CD86 /* Project object */;
}
